// !$*UTF8*$!
{
	archiveVersion = 1;
	classes = {
	};
	objectVersion = 56;
	objects = {

/* Begin PBXBuildFile section */
		92B62CD72B62EBAB000ECFB9 /* LoginView.swift in Sources */ = {isa = PBXBuildFile; fileRef = 92B62CD62B62EBAB000ECFB9 /* LoginView.swift */; };
		92B62CD92B62EDA1000ECFB9 /* TextInputView.swift in Sources */ = {isa = PBXBuildFile; fileRef = 92B62CD82B62EDA1000ECFB9 /* TextInputView.swift */; };
		92B62CDB2B62F257000ECFB9 /* RegistrationView.swift in Sources */ = {isa = PBXBuildFile; fileRef = 92B62CDA2B62F257000ECFB9 /* RegistrationView.swift */; };
		92B62CDF2B630359000ECFB9 /* SettingsInformationView.swift in Sources */ = {isa = PBXBuildFile; fileRef = 92B62CDE2B630359000ECFB9 /* SettingsInformationView.swift */; };
		92B62CE12B6306AD000ECFB9 /* UserInfo.swift in Sources */ = {isa = PBXBuildFile; fileRef = 92B62CE02B6306AD000ECFB9 /* UserInfo.swift */; };
		92B62CE32B630BED000ECFB9 /* GoogleService-Info.plist in Resources */ = {isa = PBXBuildFile; fileRef = 92B62CE22B630BED000ECFB9 /* GoogleService-Info.plist */; };
		92B62CE62B630CF7000ECFB9 /* FirebaseAuth in Frameworks */ = {isa = PBXBuildFile; productRef = 92B62CE52B630CF7000ECFB9 /* FirebaseAuth */; };
		92B62CE82B630CF7000ECFB9 /* FirebaseFirestore in Frameworks */ = {isa = PBXBuildFile; productRef = 92B62CE72B630CF7000ECFB9 /* FirebaseFirestore */; };
		92B62CEA2B630CF7000ECFB9 /* FirebaseFirestoreSwift in Frameworks */ = {isa = PBXBuildFile; productRef = 92B62CE92B630CF7000ECFB9 /* FirebaseFirestoreSwift */; };
		92B62CEC2B630CF7000ECFB9 /* FirebaseStorage in Frameworks */ = {isa = PBXBuildFile; productRef = 92B62CEB2B630CF7000ECFB9 /* FirebaseStorage */; };
		92B62CF22B6311AA000ECFB9 /* ViewModel in Resources */ = {isa = PBXBuildFile; fileRef = 92B62CF12B6311AA000ECFB9 /* ViewModel */; };
		92B62CF42B6311BA000ECFB9 /* Profile in Resources */ = {isa = PBXBuildFile; fileRef = 92B62CF32B6311BA000ECFB9 /* Profile */; };
		92BEC9242B62E9EC00C69C31 /* BookShelfApp.swift in Sources */ = {isa = PBXBuildFile; fileRef = 92BEC9232B62E9EC00C69C31 /* BookShelfApp.swift */; };
		92BEC9262B62E9EC00C69C31 /* ContentView.swift in Sources */ = {isa = PBXBuildFile; fileRef = 92BEC9252B62E9EC00C69C31 /* ContentView.swift */; };
		92BEC9282B62E9EF00C69C31 /* Assets.xcassets in Resources */ = {isa = PBXBuildFile; fileRef = 92BEC9272B62E9EF00C69C31 /* Assets.xcassets */; };
		92BEC92B2B62E9EF00C69C31 /* Preview Assets.xcassets in Resources */ = {isa = PBXBuildFile; fileRef = 92BEC92A2B62E9EF00C69C31 /* Preview Assets.xcassets */; };
		92BEC9352B62E9F000C69C31 /* BookShelfAppTests.swift in Sources */ = {isa = PBXBuildFile; fileRef = 92BEC9342B62E9F000C69C31 /* BookShelfAppTests.swift */; };
		92BEC93F2B62E9F000C69C31 /* BookShelfAppUITests.swift in Sources */ = {isa = PBXBuildFile; fileRef = 92BEC93E2B62E9F000C69C31 /* BookShelfAppUITests.swift */; };
		92BEC9412B62E9F000C69C31 /* BookShelfAppUITestsLaunchTests.swift in Sources */ = {isa = PBXBuildFile; fileRef = 92BEC9402B62E9F000C69C31 /* BookShelfAppUITestsLaunchTests.swift */; };
/* End PBXBuildFile section */

/* Begin PBXContainerItemProxy section */
		92BEC9312B62E9F000C69C31 /* PBXContainerItemProxy */ = {
			isa = PBXContainerItemProxy;
			containerPortal = 92BEC9182B62E9EC00C69C31 /* Project object */;
			proxyType = 1;
			remoteGlobalIDString = 92BEC91F2B62E9EC00C69C31;
			remoteInfo = BookShelfApp;
		};
		92BEC93B2B62E9F000C69C31 /* PBXContainerItemProxy */ = {
			isa = PBXContainerItemProxy;
			containerPortal = 92BEC9182B62E9EC00C69C31 /* Project object */;
			proxyType = 1;
			remoteGlobalIDString = 92BEC91F2B62E9EC00C69C31;
			remoteInfo = BookShelfApp;
		};
/* End PBXContainerItemProxy section */

/* Begin PBXFileReference section */
		92B62CD62B62EBAB000ECFB9 /* LoginView.swift */ = {isa = PBXFileReference; lastKnownFileType = sourcecode.swift; path = LoginView.swift; sourceTree = "<group>"; };
		92B62CD82B62EDA1000ECFB9 /* TextInputView.swift */ = {isa = PBXFileReference; lastKnownFileType = sourcecode.swift; path = TextInputView.swift; sourceTree = "<group>"; };
		92B62CDA2B62F257000ECFB9 /* RegistrationView.swift */ = {isa = PBXFileReference; lastKnownFileType = sourcecode.swift; path = RegistrationView.swift; sourceTree = "<group>"; };
		92B62CDE2B630359000ECFB9 /* SettingsInformationView.swift */ = {isa = PBXFileReference; lastKnownFileType = sourcecode.swift; path = SettingsInformationView.swift; sourceTree = "<group>"; };
		92B62CE02B6306AD000ECFB9 /* UserInfo.swift */ = {isa = PBXFileReference; lastKnownFileType = sourcecode.swift; path = UserInfo.swift; sourceTree = "<group>"; };
		92B62CE22B630BED000ECFB9 /* GoogleService-Info.plist */ = {isa = PBXFileReference; fileEncoding = 4; lastKnownFileType = text.plist.xml; path = "GoogleService-Info.plist"; sourceTree = "<group>"; };
		92B62CF12B6311AA000ECFB9 /* ViewModel */ = {isa = PBXFileReference; lastKnownFileType = folder; path = ViewModel; sourceTree = "<group>"; };
		92B62CF32B6311BA000ECFB9 /* Profile */ = {isa = PBXFileReference; lastKnownFileType = folder; path = Profile; sourceTree = "<group>"; };
		92BEC9202B62E9EC00C69C31 /* BookShelfApp.app */ = {isa = PBXFileReference; explicitFileType = wrapper.application; includeInIndex = 0; path = BookShelfApp.app; sourceTree = BUILT_PRODUCTS_DIR; };
		92BEC9232B62E9EC00C69C31 /* BookShelfApp.swift */ = {isa = PBXFileReference; lastKnownFileType = sourcecode.swift; path = BookShelfApp.swift; sourceTree = "<group>"; };
		92BEC9252B62E9EC00C69C31 /* ContentView.swift */ = {isa = PBXFileReference; lastKnownFileType = sourcecode.swift; path = ContentView.swift; sourceTree = "<group>"; };
		92BEC9272B62E9EF00C69C31 /* Assets.xcassets */ = {isa = PBXFileReference; lastKnownFileType = folder.assetcatalog; path = Assets.xcassets; sourceTree = "<group>"; };
		92BEC92A2B62E9EF00C69C31 /* Preview Assets.xcassets */ = {isa = PBXFileReference; lastKnownFileType = folder.assetcatalog; path = "Preview Assets.xcassets"; sourceTree = "<group>"; };
		92BEC9302B62E9F000C69C31 /* BookShelfAppTests.xctest */ = {isa = PBXFileReference; explicitFileType = wrapper.cfbundle; includeInIndex = 0; path = BookShelfAppTests.xctest; sourceTree = BUILT_PRODUCTS_DIR; };
		92BEC9342B62E9F000C69C31 /* BookShelfAppTests.swift */ = {isa = PBXFileReference; lastKnownFileType = sourcecode.swift; path = BookShelfAppTests.swift; sourceTree = "<group>"; };
		92BEC93A2B62E9F000C69C31 /* BookShelfAppUITests.xctest */ = {isa = PBXFileReference; explicitFileType = wrapper.cfbundle; includeInIndex = 0; path = BookShelfAppUITests.xctest; sourceTree = BUILT_PRODUCTS_DIR; };
		92BEC93E2B62E9F000C69C31 /* BookShelfAppUITests.swift */ = {isa = PBXFileReference; lastKnownFileType = sourcecode.swift; path = BookShelfAppUITests.swift; sourceTree = "<group>"; };
		92BEC9402B62E9F000C69C31 /* BookShelfAppUITestsLaunchTests.swift */ = {isa = PBXFileReference; lastKnownFileType = sourcecode.swift; path = BookShelfAppUITestsLaunchTests.swift; sourceTree = "<group>"; };
/* End PBXFileReference section */

/* Begin PBXFrameworksBuildPhase section */
		92BEC91D2B62E9EC00C69C31 /* Frameworks */ = {
			isa = PBXFrameworksBuildPhase;
			buildActionMask = 2147483647;
			files = (
				92B62CE62B630CF7000ECFB9 /* FirebaseAuth in Frameworks */,
				92B62CEC2B630CF7000ECFB9 /* FirebaseStorage in Frameworks */,
				92B62CE82B630CF7000ECFB9 /* FirebaseFirestore in Frameworks */,
				92B62CEA2B630CF7000ECFB9 /* FirebaseFirestoreSwift in Frameworks */,
			);
			runOnlyForDeploymentPostprocessing = 0;
		};
		92BEC92D2B62E9F000C69C31 /* Frameworks */ = {
			isa = PBXFrameworksBuildPhase;
			buildActionMask = 2147483647;
			files = (
			);
			runOnlyForDeploymentPostprocessing = 0;
		};
		92BEC9372B62E9F000C69C31 /* Frameworks */ = {
			isa = PBXFrameworksBuildPhase;
			buildActionMask = 2147483647;
			files = (
			);
			runOnlyForDeploymentPostprocessing = 0;
		};
/* End PBXFrameworksBuildPhase section */

/* Begin PBXGroup section */
		92B62CCF2B62EA7B000ECFB9 /* Core */ = {
			isa = PBXGroup;
			children = (
				92B62CD42B62EB4F000ECFB9 /* Authentication */,
				92B62CF32B6311BA000ECFB9 /* Profile */,
				92B62CD32B62EB43000ECFB9 /* Root */,
			);
			path = Core;
			sourceTree = "<group>";
		};
		92B62CD02B62EA83000ECFB9 /* Model */ = {
			isa = PBXGroup;
			children = (
				92B62CE02B6306AD000ECFB9 /* UserInfo.swift */,
			);
			path = Model;
			sourceTree = "<group>";
		};
		92B62CD12B62EA8E000ECFB9 /* Components */ = {
			isa = PBXGroup;
			children = (
				92B62CD82B62EDA1000ECFB9 /* TextInputView.swift */,
				92B62CDE2B630359000ECFB9 /* SettingsInformationView.swift */,
			);
			path = Components;
			sourceTree = "<group>";
		};
		92B62CD22B62EA93000ECFB9 /* App */ = {
			isa = PBXGroup;
			children = (
				92BEC9232B62E9EC00C69C31 /* BookShelfApp.swift */,
			);
			path = App;
			sourceTree = "<group>";
		};
		92B62CD32B62EB43000ECFB9 /* Root */ = {
			isa = PBXGroup;
			children = (
				92BEC9252B62E9EC00C69C31 /* ContentView.swift */,
			);
			path = Root;
			sourceTree = "<group>";
		};
		92B62CD42B62EB4F000ECFB9 /* Authentication */ = {
			isa = PBXGroup;
			children = (
				92B62CF12B6311AA000ECFB9 /* ViewModel */,
				92B62CED2B630D65000ECFB9 /* View */,
			);
			path = Authentication;
			sourceTree = "<group>";
		};
		92B62CED2B630D65000ECFB9 /* View */ = {
			isa = PBXGroup;
			children = (
				92B62CD62B62EBAB000ECFB9 /* LoginView.swift */,
				92B62CDA2B62F257000ECFB9 /* RegistrationView.swift */,
			);
			path = View;
			sourceTree = "<group>";
		};
		92BEC9172B62E9EC00C69C31 = {
			isa = PBXGroup;
			children = (
				92BEC9222B62E9EC00C69C31 /* BookShelfApp */,
				92BEC9332B62E9F000C69C31 /* BookShelfAppTests */,
				92BEC93D2B62E9F000C69C31 /* BookShelfAppUITests */,
				92BEC9212B62E9EC00C69C31 /* Products */,
			);
			sourceTree = "<group>";
		};
		92BEC9212B62E9EC00C69C31 /* Products */ = {
			isa = PBXGroup;
			children = (
				92BEC9202B62E9EC00C69C31 /* BookShelfApp.app */,
				92BEC9302B62E9F000C69C31 /* BookShelfAppTests.xctest */,
				92BEC93A2B62E9F000C69C31 /* BookShelfAppUITests.xctest */,
			);
			name = Products;
			sourceTree = "<group>";
		};
		92BEC9222B62E9EC00C69C31 /* BookShelfApp */ = {
			isa = PBXGroup;
			children = (
				92B62CD22B62EA93000ECFB9 /* App */,
				92B62CD12B62EA8E000ECFB9 /* Components */,
				92B62CD02B62EA83000ECFB9 /* Model */,
				92B62CCF2B62EA7B000ECFB9 /* Core */,
				92BEC9272B62E9EF00C69C31 /* Assets.xcassets */,
				92B62CE22B630BED000ECFB9 /* GoogleService-Info.plist */,
				92BEC9292B62E9EF00C69C31 /* Preview Content */,
			);
			path = BookShelfApp;
			sourceTree = "<group>";
		};
		92BEC9292B62E9EF00C69C31 /* Preview Content */ = {
			isa = PBXGroup;
			children = (
				92BEC92A2B62E9EF00C69C31 /* Preview Assets.xcassets */,
			);
			path = "Preview Content";
			sourceTree = "<group>";
		};
		92BEC9332B62E9F000C69C31 /* BookShelfAppTests */ = {
			isa = PBXGroup;
			children = (
				92BEC9342B62E9F000C69C31 /* BookShelfAppTests.swift */,
			);
			path = BookShelfAppTests;
			sourceTree = "<group>";
		};
		92BEC93D2B62E9F000C69C31 /* BookShelfAppUITests */ = {
			isa = PBXGroup;
			children = (
				92BEC93E2B62E9F000C69C31 /* BookShelfAppUITests.swift */,
				92BEC9402B62E9F000C69C31 /* BookShelfAppUITestsLaunchTests.swift */,
			);
			path = BookShelfAppUITests;
			sourceTree = "<group>";
		};
/* End PBXGroup section */

/* Begin PBXNativeTarget section */
		92BEC91F2B62E9EC00C69C31 /* BookShelfApp */ = {
			isa = PBXNativeTarget;
			buildConfigurationList = 92BEC9442B62E9F000C69C31 /* Build configuration list for PBXNativeTarget "BookShelfApp" */;
			buildPhases = (
				92BEC91C2B62E9EC00C69C31 /* Sources */,
				92BEC91D2B62E9EC00C69C31 /* Frameworks */,
				92BEC91E2B62E9EC00C69C31 /* Resources */,
			);
			buildRules = (
			);
			dependencies = (
			);
			name = BookShelfApp;
			packageProductDependencies = (
				92B62CE52B630CF7000ECFB9 /* FirebaseAuth */,
				92B62CE72B630CF7000ECFB9 /* FirebaseFirestore */,
				92B62CE92B630CF7000ECFB9 /* FirebaseFirestoreSwift */,
				92B62CEB2B630CF7000ECFB9 /* FirebaseStorage */,
			);
			productName = BookShelfApp;
			productReference = 92BEC9202B62E9EC00C69C31 /* BookShelfApp.app */;
			productType = "com.apple.product-type.application";
		};
		92BEC92F2B62E9F000C69C31 /* BookShelfAppTests */ = {
			isa = PBXNativeTarget;
			buildConfigurationList = 92BEC9472B62E9F000C69C31 /* Build configuration list for PBXNativeTarget "BookShelfAppTests" */;
			buildPhases = (
				92BEC92C2B62E9F000C69C31 /* Sources */,
				92BEC92D2B62E9F000C69C31 /* Frameworks */,
				92BEC92E2B62E9F000C69C31 /* Resources */,
			);
			buildRules = (
			);
			dependencies = (
				92BEC9322B62E9F000C69C31 /* PBXTargetDependency */,
			);
			name = BookShelfAppTests;
			productName = BookShelfAppTests;
			productReference = 92BEC9302B62E9F000C69C31 /* BookShelfAppTests.xctest */;
			productType = "com.apple.product-type.bundle.unit-test";
		};
		92BEC9392B62E9F000C69C31 /* BookShelfAppUITests */ = {
			isa = PBXNativeTarget;
			buildConfigurationList = 92BEC94A2B62E9F000C69C31 /* Build configuration list for PBXNativeTarget "BookShelfAppUITests" */;
			buildPhases = (
				92BEC9362B62E9F000C69C31 /* Sources */,
				92BEC9372B62E9F000C69C31 /* Frameworks */,
				92BEC9382B62E9F000C69C31 /* Resources */,
			);
			buildRules = (
			);
			dependencies = (
				92BEC93C2B62E9F000C69C31 /* PBXTargetDependency */,
			);
			name = BookShelfAppUITests;
			productName = BookShelfAppUITests;
			productReference = 92BEC93A2B62E9F000C69C31 /* BookShelfAppUITests.xctest */;
			productType = "com.apple.product-type.bundle.ui-testing";
		};
/* End PBXNativeTarget section */

/* Begin PBXProject section */
		92BEC9182B62E9EC00C69C31 /* Project object */ = {
			isa = PBXProject;
			attributes = {
				BuildIndependentTargetsInParallel = 1;
				LastSwiftUpdateCheck = 1500;
				LastUpgradeCheck = 1500;
				TargetAttributes = {
					92BEC91F2B62E9EC00C69C31 = {
						CreatedOnToolsVersion = 15.0.1;
					};
					92BEC92F2B62E9F000C69C31 = {
						CreatedOnToolsVersion = 15.0.1;
						TestTargetID = 92BEC91F2B62E9EC00C69C31;
					};
					92BEC9392B62E9F000C69C31 = {
						CreatedOnToolsVersion = 15.0.1;
						TestTargetID = 92BEC91F2B62E9EC00C69C31;
					};
				};
			};
			buildConfigurationList = 92BEC91B2B62E9EC00C69C31 /* Build configuration list for PBXProject "BookShelfApp" */;
			compatibilityVersion = "Xcode 14.0";
			developmentRegion = en;
			hasScannedForEncodings = 0;
			knownRegions = (
				en,
				Base,
			);
			mainGroup = 92BEC9172B62E9EC00C69C31;
			packageReferences = (
				92B62CE42B630CF7000ECFB9 /* XCRemoteSwiftPackageReference "firebase-ios-sdk" */,
			);
			productRefGroup = 92BEC9212B62E9EC00C69C31 /* Products */;
			projectDirPath = "";
			projectRoot = "";
			targets = (
				92BEC91F2B62E9EC00C69C31 /* BookShelfApp */,
				92BEC92F2B62E9F000C69C31 /* BookShelfAppTests */,
				92BEC9392B62E9F000C69C31 /* BookShelfAppUITests */,
			);
		};
/* End PBXProject section */

/* Begin PBXResourcesBuildPhase section */
		92BEC91E2B62E9EC00C69C31 /* Resources */ = {
			isa = PBXResourcesBuildPhase;
			buildActionMask = 2147483647;
			files = (
				92BEC92B2B62E9EF00C69C31 /* Preview Assets.xcassets in Resources */,
				92B62CF22B6311AA000ECFB9 /* ViewModel in Resources */,
				92BEC9282B62E9EF00C69C31 /* Assets.xcassets in Resources */,
				92B62CF42B6311BA000ECFB9 /* Profile in Resources */,
				92B62CE32B630BED000ECFB9 /* GoogleService-Info.plist in Resources */,
			);
			runOnlyForDeploymentPostprocessing = 0;
		};
		92BEC92E2B62E9F000C69C31 /* Resources */ = {
			isa = PBXResourcesBuildPhase;
			buildActionMask = 2147483647;
			files = (
			);
			runOnlyForDeploymentPostprocessing = 0;
		};
		92BEC9382B62E9F000C69C31 /* Resources */ = {
			isa = PBXResourcesBuildPhase;
			buildActionMask = 2147483647;
			files = (
			);
			runOnlyForDeploymentPostprocessing = 0;
		};
/* End PBXResourcesBuildPhase section */

/* Begin PBXSourcesBuildPhase section */
		92BEC91C2B62E9EC00C69C31 /* Sources */ = {
			isa = PBXSourcesBuildPhase;
			buildActionMask = 2147483647;
			files = (
				92B62CD72B62EBAB000ECFB9 /* LoginView.swift in Sources */,
				92B62CDF2B630359000ECFB9 /* SettingsInformationView.swift in Sources */,
				92BEC9262B62E9EC00C69C31 /* ContentView.swift in Sources */,
				92B62CE12B6306AD000ECFB9 /* UserInfo.swift in Sources */,
				92B62CD92B62EDA1000ECFB9 /* TextInputView.swift in Sources */,
				92BEC9242B62E9EC00C69C31 /* BookShelfApp.swift in Sources */,
				92B62CDB2B62F257000ECFB9 /* RegistrationView.swift in Sources */,
			);
			runOnlyForDeploymentPostprocessing = 0;
		};
		92BEC92C2B62E9F000C69C31 /* Sources */ = {
			isa = PBXSourcesBuildPhase;
			buildActionMask = 2147483647;
			files = (
				92BEC9352B62E9F000C69C31 /* BookShelfAppTests.swift in Sources */,
			);
			runOnlyForDeploymentPostprocessing = 0;
		};
		92BEC9362B62E9F000C69C31 /* Sources */ = {
			isa = PBXSourcesBuildPhase;
			buildActionMask = 2147483647;
			files = (
				92BEC9412B62E9F000C69C31 /* BookShelfAppUITestsLaunchTests.swift in Sources */,
				92BEC93F2B62E9F000C69C31 /* BookShelfAppUITests.swift in Sources */,
			);
			runOnlyForDeploymentPostprocessing = 0;
		};
/* End PBXSourcesBuildPhase section */

/* Begin PBXTargetDependency section */
		92BEC9322B62E9F000C69C31 /* PBXTargetDependency */ = {
			isa = PBXTargetDependency;
			target = 92BEC91F2B62E9EC00C69C31 /* BookShelfApp */;
			targetProxy = 92BEC9312B62E9F000C69C31 /* PBXContainerItemProxy */;
		};
		92BEC93C2B62E9F000C69C31 /* PBXTargetDependency */ = {
			isa = PBXTargetDependency;
			target = 92BEC91F2B62E9EC00C69C31 /* BookShelfApp */;
			targetProxy = 92BEC93B2B62E9F000C69C31 /* PBXContainerItemProxy */;
		};
/* End PBXTargetDependency section */

/* Begin XCBuildConfiguration section */
		92BEC9422B62E9F000C69C31 /* Debug */ = {
			isa = XCBuildConfiguration;
			buildSettings = {
				ALWAYS_SEARCH_USER_PATHS = NO;
				ASSETCATALOG_COMPILER_GENERATE_SWIFT_ASSET_SYMBOL_EXTENSIONS = YES;
				CLANG_ANALYZER_NONNULL = YES;
				CLANG_ANALYZER_NUMBER_OBJECT_CONVERSION = YES_AGGRESSIVE;
				CLANG_CXX_LANGUAGE_STANDARD = "gnu++20";
				CLANG_ENABLE_MODULES = YES;
				CLANG_ENABLE_OBJC_ARC = YES;
				CLANG_ENABLE_OBJC_WEAK = YES;
				CLANG_WARN_BLOCK_CAPTURE_AUTORELEASING = YES;
				CLANG_WARN_BOOL_CONVERSION = YES;
				CLANG_WARN_COMMA = YES;
				CLANG_WARN_CONSTANT_CONVERSION = YES;
				CLANG_WARN_DEPRECATED_OBJC_IMPLEMENTATIONS = YES;
				CLANG_WARN_DIRECT_OBJC_ISA_USAGE = YES_ERROR;
				CLANG_WARN_DOCUMENTATION_COMMENTS = YES;
				CLANG_WARN_EMPTY_BODY = YES;
				CLANG_WARN_ENUM_CONVERSION = YES;
				CLANG_WARN_INFINITE_RECURSION = YES;
				CLANG_WARN_INT_CONVERSION = YES;
				CLANG_WARN_NON_LITERAL_NULL_CONVERSION = YES;
				CLANG_WARN_OBJC_IMPLICIT_RETAIN_SELF = YES;
				CLANG_WARN_OBJC_LITERAL_CONVERSION = YES;
				CLANG_WARN_OBJC_ROOT_CLASS = YES_ERROR;
				CLANG_WARN_QUOTED_INCLUDE_IN_FRAMEWORK_HEADER = YES;
				CLANG_WARN_RANGE_LOOP_ANALYSIS = YES;
				CLANG_WARN_STRICT_PROTOTYPES = YES;
				CLANG_WARN_SUSPICIOUS_MOVE = YES;
				CLANG_WARN_UNGUARDED_AVAILABILITY = YES_AGGRESSIVE;
				CLANG_WARN_UNREACHABLE_CODE = YES;
				CLANG_WARN__DUPLICATE_METHOD_MATCH = YES;
				COPY_PHASE_STRIP = NO;
				DEBUG_INFORMATION_FORMAT = dwarf;
				ENABLE_STRICT_OBJC_MSGSEND = YES;
				ENABLE_TESTABILITY = YES;
				ENABLE_USER_SCRIPT_SANDBOXING = YES;
				GCC_C_LANGUAGE_STANDARD = gnu17;
				GCC_DYNAMIC_NO_PIC = NO;
				GCC_NO_COMMON_BLOCKS = YES;
				GCC_OPTIMIZATION_LEVEL = 0;
				GCC_PREPROCESSOR_DEFINITIONS = (
					"DEBUG=1",
					"$(inherited)",
				);
				GCC_WARN_64_TO_32_BIT_CONVERSION = YES;
				GCC_WARN_ABOUT_RETURN_TYPE = YES_ERROR;
				GCC_WARN_UNDECLARED_SELECTOR = YES;
				GCC_WARN_UNINITIALIZED_AUTOS = YES_AGGRESSIVE;
				GCC_WARN_UNUSED_FUNCTION = YES;
				GCC_WARN_UNUSED_VARIABLE = YES;
				IPHONEOS_DEPLOYMENT_TARGET = 17.0;
				LOCALIZATION_PREFERS_STRING_CATALOGS = YES;
				MTL_ENABLE_DEBUG_INFO = INCLUDE_SOURCE;
				MTL_FAST_MATH = YES;
				ONLY_ACTIVE_ARCH = YES;
				SDKROOT = iphoneos;
				SWIFT_ACTIVE_COMPILATION_CONDITIONS = "DEBUG $(inherited)";
				SWIFT_OPTIMIZATION_LEVEL = "-Onone";
			};
			name = Debug;
		};
		92BEC9432B62E9F000C69C31 /* Release */ = {
			isa = XCBuildConfiguration;
			buildSettings = {
				ALWAYS_SEARCH_USER_PATHS = NO;
				ASSETCATALOG_COMPILER_GENERATE_SWIFT_ASSET_SYMBOL_EXTENSIONS = YES;
				CLANG_ANALYZER_NONNULL = YES;
				CLANG_ANALYZER_NUMBER_OBJECT_CONVERSION = YES_AGGRESSIVE;
				CLANG_CXX_LANGUAGE_STANDARD = "gnu++20";
				CLANG_ENABLE_MODULES = YES;
				CLANG_ENABLE_OBJC_ARC = YES;
				CLANG_ENABLE_OBJC_WEAK = YES;
				CLANG_WARN_BLOCK_CAPTURE_AUTORELEASING = YES;
				CLANG_WARN_BOOL_CONVERSION = YES;
				CLANG_WARN_COMMA = YES;
				CLANG_WARN_CONSTANT_CONVERSION = YES;
				CLANG_WARN_DEPRECATED_OBJC_IMPLEMENTATIONS = YES;
				CLANG_WARN_DIRECT_OBJC_ISA_USAGE = YES_ERROR;
				CLANG_WARN_DOCUMENTATION_COMMENTS = YES;
				CLANG_WARN_EMPTY_BODY = YES;
				CLANG_WARN_ENUM_CONVERSION = YES;
				CLANG_WARN_INFINITE_RECURSION = YES;
				CLANG_WARN_INT_CONVERSION = YES;
				CLANG_WARN_NON_LITERAL_NULL_CONVERSION = YES;
				CLANG_WARN_OBJC_IMPLICIT_RETAIN_SELF = YES;
				CLANG_WARN_OBJC_LITERAL_CONVERSION = YES;
				CLANG_WARN_OBJC_ROOT_CLASS = YES_ERROR;
				CLANG_WARN_QUOTED_INCLUDE_IN_FRAMEWORK_HEADER = YES;
				CLANG_WARN_RANGE_LOOP_ANALYSIS = YES;
				CLANG_WARN_STRICT_PROTOTYPES = YES;
				CLANG_WARN_SUSPICIOUS_MOVE = YES;
				CLANG_WARN_UNGUARDED_AVAILABILITY = YES_AGGRESSIVE;
				CLANG_WARN_UNREACHABLE_CODE = YES;
				CLANG_WARN__DUPLICATE_METHOD_MATCH = YES;
				COPY_PHASE_STRIP = NO;
				DEBUG_INFORMATION_FORMAT = "dwarf-with-dsym";
				ENABLE_NS_ASSERTIONS = NO;
				ENABLE_STRICT_OBJC_MSGSEND = YES;
				ENABLE_USER_SCRIPT_SANDBOXING = YES;
				GCC_C_LANGUAGE_STANDARD = gnu17;
				GCC_NO_COMMON_BLOCKS = YES;
				GCC_WARN_64_TO_32_BIT_CONVERSION = YES;
				GCC_WARN_ABOUT_RETURN_TYPE = YES_ERROR;
				GCC_WARN_UNDECLARED_SELECTOR = YES;
				GCC_WARN_UNINITIALIZED_AUTOS = YES_AGGRESSIVE;
				GCC_WARN_UNUSED_FUNCTION = YES;
				GCC_WARN_UNUSED_VARIABLE = YES;
				IPHONEOS_DEPLOYMENT_TARGET = 17.0;
				LOCALIZATION_PREFERS_STRING_CATALOGS = YES;
				MTL_ENABLE_DEBUG_INFO = NO;
				MTL_FAST_MATH = YES;
				SDKROOT = iphoneos;
				SWIFT_COMPILATION_MODE = wholemodule;
				VALIDATE_PRODUCT = YES;
			};
			name = Release;
		};
		92BEC9452B62E9F000C69C31 /* Debug */ = {
			isa = XCBuildConfiguration;
			buildSettings = {
				ASSETCATALOG_COMPILER_APPICON_NAME = AppIcon;
				ASSETCATALOG_COMPILER_GLOBAL_ACCENT_COLOR_NAME = AccentColor;
				CODE_SIGN_STYLE = Automatic;
				CURRENT_PROJECT_VERSION = 1;
				DEVELOPMENT_ASSET_PATHS = "\"BookShelfApp/Preview Content\"";
				DEVELOPMENT_TEAM = 8Q8PK53YFD;
				ENABLE_PREVIEWS = YES;
				GENERATE_INFOPLIST_FILE = YES;
				INFOPLIST_KEY_UIApplicationSceneManifest_Generation = YES;
				INFOPLIST_KEY_UIApplicationSupportsIndirectInputEvents = YES;
				INFOPLIST_KEY_UILaunchScreen_Generation = YES;
				INFOPLIST_KEY_UISupportedInterfaceOrientations_iPad = "UIInterfaceOrientationPortrait UIInterfaceOrientationPortraitUpsideDown UIInterfaceOrientationLandscapeLeft UIInterfaceOrientationLandscapeRight";
				INFOPLIST_KEY_UISupportedInterfaceOrientations_iPhone = "UIInterfaceOrientationPortrait UIInterfaceOrientationLandscapeLeft UIInterfaceOrientationLandscapeRight";
				LD_RUNPATH_SEARCH_PATHS = (
					"$(inherited)",
					"@executable_path/Frameworks",
				);
				MARKETING_VERSION = 1.0;
				PRODUCT_BUNDLE_IDENTIFIER = com.reetD.BookShelfApp;
				PRODUCT_NAME = "$(TARGET_NAME)";
				SWIFT_EMIT_LOC_STRINGS = YES;
				SWIFT_VERSION = 5.0;
				TARGETED_DEVICE_FAMILY = "1,2";
			};
			name = Debug;
		};
		92BEC9462B62E9F000C69C31 /* Release */ = {
			isa = XCBuildConfiguration;
			buildSettings = {
				ASSETCATALOG_COMPILER_APPICON_NAME = AppIcon;
				ASSETCATALOG_COMPILER_GLOBAL_ACCENT_COLOR_NAME = AccentColor;
				CODE_SIGN_STYLE = Automatic;
				CURRENT_PROJECT_VERSION = 1;
				DEVELOPMENT_ASSET_PATHS = "\"BookShelfApp/Preview Content\"";
				DEVELOPMENT_TEAM = 8Q8PK53YFD;
				ENABLE_PREVIEWS = YES;
				GENERATE_INFOPLIST_FILE = YES;
				INFOPLIST_KEY_UIApplicationSceneManifest_Generation = YES;
				INFOPLIST_KEY_UIApplicationSupportsIndirectInputEvents = YES;
				INFOPLIST_KEY_UILaunchScreen_Generation = YES;
				INFOPLIST_KEY_UISupportedInterfaceOrientations_iPad = "UIInterfaceOrientationPortrait UIInterfaceOrientationPortraitUpsideDown UIInterfaceOrientationLandscapeLeft UIInterfaceOrientationLandscapeRight";
				INFOPLIST_KEY_UISupportedInterfaceOrientations_iPhone = "UIInterfaceOrientationPortrait UIInterfaceOrientationLandscapeLeft UIInterfaceOrientationLandscapeRight";
				LD_RUNPATH_SEARCH_PATHS = (
					"$(inherited)",
					"@executable_path/Frameworks",
				);
				MARKETING_VERSION = 1.0;
				PRODUCT_BUNDLE_IDENTIFIER = com.reetD.BookShelfApp;
				PRODUCT_NAME = "$(TARGET_NAME)";
				SWIFT_EMIT_LOC_STRINGS = YES;
				SWIFT_VERSION = 5.0;
				TARGETED_DEVICE_FAMILY = "1,2";
			};
			name = Release;
		};
		92BEC9482B62E9F000C69C31 /* Debug */ = {
			isa = XCBuildConfiguration;
			buildSettings = {
				ALWAYS_EMBED_SWIFT_STANDARD_LIBRARIES = YES;
				BUNDLE_LOADER = "$(TEST_HOST)";
				CODE_SIGN_STYLE = Automatic;
				CURRENT_PROJECT_VERSION = 1;
				DEVELOPMENT_TEAM = 8Q8PK53YFD;
				GENERATE_INFOPLIST_FILE = YES;
				IPHONEOS_DEPLOYMENT_TARGET = 17.0;
				MARKETING_VERSION = 1.0;
				PRODUCT_BUNDLE_IDENTIFIER = com.reetD.BookShelfAppTests;
				PRODUCT_NAME = "$(TARGET_NAME)";
				SWIFT_EMIT_LOC_STRINGS = NO;
				SWIFT_VERSION = 5.0;
				TARGETED_DEVICE_FAMILY = "1,2";
				TEST_HOST = "$(BUILT_PRODUCTS_DIR)/BookShelfApp.app/$(BUNDLE_EXECUTABLE_FOLDER_PATH)/BookShelfApp";
			};
			name = Debug;
		};
		92BEC9492B62E9F000C69C31 /* Release */ = {
			isa = XCBuildConfiguration;
			buildSettings = {
				ALWAYS_EMBED_SWIFT_STANDARD_LIBRARIES = YES;
				BUNDLE_LOADER = "$(TEST_HOST)";
				CODE_SIGN_STYLE = Automatic;
				CURRENT_PROJECT_VERSION = 1;
				DEVELOPMENT_TEAM = 8Q8PK53YFD;
				GENERATE_INFOPLIST_FILE = YES;
				IPHONEOS_DEPLOYMENT_TARGET = 17.0;
				MARKETING_VERSION = 1.0;
				PRODUCT_BUNDLE_IDENTIFIER = com.reetD.BookShelfAppTests;
				PRODUCT_NAME = "$(TARGET_NAME)";
				SWIFT_EMIT_LOC_STRINGS = NO;
				SWIFT_VERSION = 5.0;
				TARGETED_DEVICE_FAMILY = "1,2";
				TEST_HOST = "$(BUILT_PRODUCTS_DIR)/BookShelfApp.app/$(BUNDLE_EXECUTABLE_FOLDER_PATH)/BookShelfApp";
			};
			name = Release;
		};
		92BEC94B2B62E9F000C69C31 /* Debug */ = {
			isa = XCBuildConfiguration;
			buildSettings = {
				ALWAYS_EMBED_SWIFT_STANDARD_LIBRARIES = YES;
				CODE_SIGN_STYLE = Automatic;
				CURRENT_PROJECT_VERSION = 1;
				DEVELOPMENT_TEAM = 8Q8PK53YFD;
				GENERATE_INFOPLIST_FILE = YES;
				MARKETING_VERSION = 1.0;
				PRODUCT_BUNDLE_IDENTIFIER = com.reetD.BookShelfAppUITests;
				PRODUCT_NAME = "$(TARGET_NAME)";
				SWIFT_EMIT_LOC_STRINGS = NO;
				SWIFT_VERSION = 5.0;
				TARGETED_DEVICE_FAMILY = "1,2";
				TEST_TARGET_NAME = BookShelfApp;
			};
			name = Debug;
		};
		92BEC94C2B62E9F000C69C31 /* Release */ = {
			isa = XCBuildConfiguration;
			buildSettings = {
				ALWAYS_EMBED_SWIFT_STANDARD_LIBRARIES = YES;
				CODE_SIGN_STYLE = Automatic;
				CURRENT_PROJECT_VERSION = 1;
				DEVELOPMENT_TEAM = 8Q8PK53YFD;
				GENERATE_INFOPLIST_FILE = YES;
				MARKETING_VERSION = 1.0;
				PRODUCT_BUNDLE_IDENTIFIER = com.reetD.BookShelfAppUITests;
				PRODUCT_NAME = "$(TARGET_NAME)";
				SWIFT_EMIT_LOC_STRINGS = NO;
				SWIFT_VERSION = 5.0;
				TARGETED_DEVICE_FAMILY = "1,2";
				TEST_TARGET_NAME = BookShelfApp;
			};
			name = Release;
		};
/* End XCBuildConfiguration section */

/* Begin XCConfigurationList section */
		92BEC91B2B62E9EC00C69C31 /* Build configuration list for PBXProject "BookShelfApp" */ = {
			isa = XCConfigurationList;
			buildConfigurations = (
				92BEC9422B62E9F000C69C31 /* Debug */,
				92BEC9432B62E9F000C69C31 /* Release */,
			);
			defaultConfigurationIsVisible = 0;
			defaultConfigurationName = Release;
		};
		92BEC9442B62E9F000C69C31 /* Build configuration list for PBXNativeTarget "BookShelfApp" */ = {
			isa = XCConfigurationList;
			buildConfigurations = (
				92BEC9452B62E9F000C69C31 /* Debug */,
				92BEC9462B62E9F000C69C31 /* Release */,
			);
			defaultConfigurationIsVisible = 0;
			defaultConfigurationName = Release;
		};
		92BEC9472B62E9F000C69C31 /* Build configuration list for PBXNativeTarget "BookShelfAppTests" */ = {
			isa = XCConfigurationList;
			buildConfigurations = (
				92BEC9482B62E9F000C69C31 /* Debug */,
				92BEC9492B62E9F000C69C31 /* Release */,
			);
			defaultConfigurationIsVisible = 0;
			defaultConfigurationName = Release;
		};
		92BEC94A2B62E9F000C69C31 /* Build configuration list for PBXNativeTarget "BookShelfAppUITests" */ = {
			isa = XCConfigurationList;
			buildConfigurations = (
				92BEC94B2B62E9F000C69C31 /* Debug */,
				92BEC94C2B62E9F000C69C31 /* Release */,
			);
			defaultConfigurationIsVisible = 0;
			defaultConfigurationName = Release;
		};
/* End XCConfigurationList section */

/* Begin XCRemoteSwiftPackageReference section */
		92B62CE42B630CF7000ECFB9 /* XCRemoteSwiftPackageReference "firebase-ios-sdk" */ = {
			isa = XCRemoteSwiftPackageReference;
			repositoryURL = "https://github.com/firebase/firebase-ios-sdk";
			requirement = {
				kind = upToNextMajorVersion;
				minimumVersion = 10.20.0;
			};
		};
/* End XCRemoteSwiftPackageReference section */

/* Begin XCSwiftPackageProductDependency section */
		92B62CE52B630CF7000ECFB9 /* FirebaseAuth */ = {
			isa = XCSwiftPackageProductDependency;
			package = 92B62CE42B630CF7000ECFB9 /* XCRemoteSwiftPackageReference "firebase-ios-sdk" */;
			productName = FirebaseAuth;
		};
		92B62CE72B630CF7000ECFB9 /* FirebaseFirestore */ = {
			isa = XCSwiftPackageProductDependency;
			package = 92B62CE42B630CF7000ECFB9 /* XCRemoteSwiftPackageReference "firebase-ios-sdk" */;
			productName = FirebaseFirestore;
		};
		92B62CE92B630CF7000ECFB9 /* FirebaseFirestoreSwift */ = {
			isa = XCSwiftPackageProductDependency;
			package = 92B62CE42B630CF7000ECFB9 /* XCRemoteSwiftPackageReference "firebase-ios-sdk" */;
			productName = FirebaseFirestoreSwift;
		};
		92B62CEB2B630CF7000ECFB9 /* FirebaseStorage */ = {
			isa = XCSwiftPackageProductDependency;
			package = 92B62CE42B630CF7000ECFB9 /* XCRemoteSwiftPackageReference "firebase-ios-sdk" */;
			productName = FirebaseStorage;
		};
/* End XCSwiftPackageProductDependency section */
	};
	rootObject = 92BEC9182B62E9EC00C69C31 /* Project object */;
}
